
Microsoft Visual Studio Solution File, Format Version 12.00
# Visual Studio 15
VisualStudioVersion = 15.0.28307.168
MinimumVisualStudioVersion = 10.0.40219.1
Project("{FAE04EC0-301F-11D3-BF4B-00C04F79EFBC}") = "CAPNet.Tests", "CAPNet.Tests\CAPNet.Tests.csproj", "{0FB0F282-BED1-4201-81F2-76AD9A05CB5A}"
EndProject
Project("{FAE04EC0-301F-11D3-BF4B-00C04F79EFBC}") = "CAPNet.Cmd", "CAPNet.Cmd\CAPNet.Cmd.csproj", "{497A789E-1A86-4068-8CC9-A94AB30CE668}"
EndProject
Project("{9A19103F-16F7-4668-BE54-9A1E7A4F7556}") = "CAPNet", "CAPNet\CAPNet.csproj", "{871EB59C-7ABC-4E78-87CF-F15F9A0576FA}"
EndProject
Global
	GlobalSection(SolutionConfigurationPlatforms) = preSolution
		Debug|Any CPU = Debug|Any CPU
		Release|Any CPU = Release|Any CPU
	EndGlobalSection
	GlobalSection(ProjectConfigurationPlatforms) = postSolution
		{0FB0F282-BED1-4201-81F2-76AD9A05CB5A}.Debug|Any CPU.ActiveCfg = Debug|Any CPU
		{0FB0F282-BED1-4201-81F2-76AD9A05CB5A}.Debug|Any CPU.Build.0 = Debug|Any CPU
		{0FB0F282-BED1-4201-81F2-76AD9A05CB5A}.Release|Any CPU.ActiveCfg = Release|Any CPU
		{0FB0F282-BED1-4201-81F2-76AD9A05CB5A}.Release|Any CPU.Build.0 = Release|Any CPU
		{497A789E-1A86-4068-8CC9-A94AB30CE668}.Debug|Any CPU.ActiveCfg = Debug|Any CPU
		{497A789E-1A86-4068-8CC9-A94AB30CE668}.Debug|Any CPU.Build.0 = Debug|Any CPU
		{497A789E-1A86-4068-8CC9-A94AB30CE668}.Release|Any CPU.ActiveCfg = Release|Any CPU
		{497A789E-1A86-4068-8CC9-A94AB30CE668}.Release|Any CPU.Build.0 = Release|Any CPU
		{871EB59C-7ABC-4E78-87CF-F15F9A0576FA}.Debug|Any CPU.ActiveCfg = Debug|Any CPU
		{871EB59C-7ABC-4E78-87CF-F15F9A0576FA}.Debug|Any CPU.Build.0 = Debug|Any CPU
		{871EB59C-7ABC-4E78-87CF-F15F9A0576FA}.Release|Any CPU.ActiveCfg = Release|Any CPU
		{871EB59C-7ABC-4E78-87CF-F15F9A0576FA}.Release|Any CPU.Build.0 = Release|Any CPU
	EndGlobalSection
	GlobalSection(SolutionProperties) = preSolution
		HideSolutionNode = FALSE
	EndGlobalSection
	GlobalSection(ExtensibilityGlobals) = postSolution
		SolutionGuid = {A6352A50-8ABC-4465-B92A-811B62C36485}
	EndGlobalSection
EndGlobal
